
Microsoft Visual Studio Solution File, Format Version 12.00
# Visual Studio Version 17
VisualStudioVersion = 17.5.33414.496
MinimumVisualStudioVersion = 10.0.40219.1
Project("{FAE04EC0-301F-11D3-BF4B-00C04F79EFBC}") = "HtmlParser", "HtmlParser.csproj", "{2ED5C453-67FA-45ED-90EA-97B866B0AA72}"
EndProject
Global
	GlobalSection(SolutionConfigurationPlatforms) = preSolution
		Debug|Any CPU = Debug|Any CPU
		Release|Any CPU = Release|Any CPU
	EndGlobalSection
	GlobalSection(ProjectConfigurationPlatforms) = postSolution
		{2ED5C453-67FA-45ED-90EA-97B866B0AA72}.Debug|Any CPU.ActiveCfg = Debug|Any CPU
		{2ED5C453-67FA-45ED-90EA-97B866B0AA72}.Debug|Any CPU.Build.0 = Debug|Any CPU
		{2ED5C453-67FA-45ED-90EA-97B866B0AA72}.Release|Any CPU.ActiveCfg = Release|Any CPU
		{2ED5C453-67FA-45ED-90EA-97B866B0AA72}.Release|Any CPU.Build.0 = Release|Any CPU
	EndGlobalSection
	GlobalSection(SolutionProperties) = preSolution
		HideSolutionNode = FALSE
	EndGlobalSection
	GlobalSection(ExtensibilityGlobals) = postSolution
		SolutionGuid = {37CBF52E-C39E-47E7-B99E-3A51702B6DD8}
	EndGlobalSection
EndGlobal
